version = 1
requires-python = ">=3.12"

[[package]]
name = "pre-commit-uvx"
version = "0.1.0"
source = { virtual = "." }
dependencies = [
    { name = "uv" },
]

[package.metadata]
requires-dist = [{ name = "uv", specifier = ">=0.5.23" }]

[[package]]
name = "uv"
version = "0.5.23"
source = { registry = "https://pypi.org/simple" }
sdist = { url = "https://files.pythonhosted.org/packages/38/9c/9138e4a544d9001049f09df55825f8c5e93c4c6871577980b22cfc5d59b0/uv-0.5.23.tar.gz", hash = "sha256:86ce7adc3a6c9894565ed369db1fe9c6ce56a216c9d83966592f38170bb317f5", size = 2676945 }
wheels = [
    { url = "https://files.pythonhosted.org/packages/b2/a6/5d3e4cd882e5a4eeafefe4cb0ae3a8f18c0d44f61ca27e8d6de9f50db8f8/uv-0.5.23-py3-none-linux_armv6l.whl", hash = "sha256:abfaf85acc685fb3181e4140a10c9c2a16e5fb8def368ec92bb955f40887be1f", size = 15326270 },
    { url = "https://files.pythonhosted.org/packages/38/11/77cd82295bfb29141c833cdb71bd286164c11c4082e1806c8527341d64ab/uv-0.5.23-py3-none-macosx_10_12_x86_64.whl", hash = "sha256:552c94ef65f6ac7f2b5765a81edece1c2f94fb5211b2f31dc0fff64a0355bb6c", size = 15536190 },
    { url = "https://files.pythonhosted.org/packages/e8/66/6d1ac907f1b15d1b22f8a5785a58585ab06e4831ee44ce850b8d7892623e/uv-0.5.23-py3-none-macosx_11_0_arm64.whl", hash = "sha256:dde7f103c0a5f20a0871a54cf1c6fb99315e8277ea8e8e377d99ca3e5812a596", size = 14417293 },
    { url = "https://files.pythonhosted.org/packages/b1/f7/69484d3cfb7881ca2927bc628ecaa96b1a81317d10df489d1a5a52f0694f/uv-0.5.23-py3-none-manylinux_2_17_aarch64.manylinux2014_aarch64.musllinux_1_1_aarch64.whl", hash = "sha256:49851ef74c2574f08368b45dc583a3827c1c0dcd6c495e9b528e514d9bb2ca6f", size = 14897416 },
    { url = "https://files.pythonhosted.org/packages/a5/b7/e49a039b5bc0800ae24a3d352fa03784b33990fcb9ee3633a6d13305c72e/uv-0.5.23-py3-none-manylinux_2_17_armv7l.manylinux2014_armv7l.whl", hash = "sha256:fae161b0169cac17fafb49f5b34f33ef6a074a450a311e9f87cea265e9c0ada0", size = 15100042 },
    { url = "https://files.pythonhosted.org/packages/fc/33/3bb115341f98a86eda30a0058e364d120b5aac21646743ef22cef3ae329f/uv-0.5.23-py3-none-manylinux_2_17_i686.manylinux2014_i686.whl", hash = "sha256:e7eb672bf5997bcd6e9af3e16008806b0e4cb51ec545989c219910a5a2266aa9", size = 15835218 },
    { url = "https://files.pythonhosted.org/packages/e1/3b/bc18117b73dd696a1ccf42a2176a396d76c55fee0abaa5ce4abd5e867f84/uv-0.5.23-py3-none-manylinux_2_17_ppc64.manylinux2014_ppc64.whl", hash = "sha256:c2368698849b88b2f7c045f6ca6dea8125e6e3de2cd760b756683919678466a9", size = 16811512 },
    { url = "https://files.pythonhosted.org/packages/e4/a0/748d8dfa5996c626f40605bbc37f1ddfb8c4f44fc8c65b42bb506fe00c0a/uv-0.5.23-py3-none-manylinux_2_17_ppc64le.manylinux2014_ppc64le.whl", hash = "sha256:9382457e07fd5318352f0008c6f93704da0fc92cd8b9ef4560b5fe0df32fccd4", size = 16540079 },
    { url = "https://files.pythonhosted.org/packages/82/56/ff82318fa3a71acf145fefe445cc0cd875464234422d4800b2cf9042d716/uv-0.5.23-py3-none-manylinux_2_17_s390x.manylinux2014_s390x.whl", hash = "sha256:d8592e8423be3982cca231ad638490cc12c4eaa59c474b73dad8d7a0e27e8c0d", size = 20952804 },
    { url = "https://files.pythonhosted.org/packages/f1/bc/ecc39f92be844bd41672d767d4533406ffce14fde84af05ffd1055b54237/uv-0.5.23-py3-none-manylinux_2_17_x86_64.manylinux2014_x86_64.whl", hash = "sha256:af7516020c8fed28500b1876271c842bea0829b54f30eaf339ab676d922d2278", size = 16197654 },
    { url = "https://files.pythonhosted.org/packages/8a/19/01e2e73f7c904b3ddabceaf47420eb5dba37b1d2cca32ed2c0e9f0b1da3a/uv-0.5.23-py3-none-manylinux_2_28_aarch64.whl", hash = "sha256:b167d8224cefb9bb2db54568e8d442235303ddc6b4226a9edf820b2b0dcec2d6", size = 15149695 },
    { url = "https://files.pythonhosted.org/packages/de/66/e6da89af592f8a310e5a409cd871005896789902e4017fc358304f7cc4d0/uv-0.5.23-py3-none-musllinux_1_1_armv7l.whl", hash = "sha256:8f88829865a42ae53e94e69be2b609661b06b07ea05060b96458fe0c9387aa74", size = 15064527 },
    { url = "https://files.pythonhosted.org/packages/b1/f3/5c0f00959a54e7fb50ad001b94f7bfd0d23b25d871a91e9a1fa0fffe9081/uv-0.5.23-py3-none-musllinux_1_1_i686.whl", hash = "sha256:f12794342a43d0c2c6d5874f3b12753c722f9e250a72212bc38ef194d7cd65f7", size = 15474477 },
    { url = "https://files.pythonhosted.org/packages/07/9b/bc515c2017cb99f308fb6da18f27b33e6cb35f93230949aed45c6b839897/uv-0.5.23-py3-none-musllinux_1_1_x86_64.whl", hash = "sha256:1178e7217ffcbbf0f46e61817ae3f486ef27b6c821783a098895bcb76f9eac7d", size = 16324389 },
    { url = "https://files.pythonhosted.org/packages/a2/ee/389a79a90d605aaf4c8eb2452ff01e0a6e2c01e58c3dd1b4f7baceb187cb/uv-0.5.23-py3-none-win32.whl", hash = "sha256:0172ceed83c31897f7e582acac9e734b09a74765126e4ee857f8fbe07b3708b4", size = 15417002 },
    { url = "https://files.pythonhosted.org/packages/fd/fa/ef855062da16bd3b3fd8cc86fc266405fd8ac68e9976150d1f2926dbc8ce/uv-0.5.23-py3-none-win_amd64.whl", hash = "sha256:adc152448bc0bb1df3b9de5ff727a651abf0ec73b18365f40ef9ab7c719c12bb", size = 16799376 },
]
